// !$*UTF8*$!
{
	archiveVersion = 1;
	classes = {
	};
	objectVersion = 56;
	objects = {

/* Begin PBXBuildFile section */
		BA55C2872B2DB5EC007FDC93 /* AppDelegate.swift in Sources */ = {isa = PBXBuildFile; fileRef = BA55C2862B2DB5EC007FDC93 /* AppDelegate.swift */; };
		BA55C2892B2DB5EC007FDC93 /* SceneDelegate.swift in Sources */ = {isa = PBXBuildFile; fileRef = BA55C2882B2DB5EC007FDC93 /* SceneDelegate.swift */; };
		BA55C28B2B2DB5EC007FDC93 /* ViewController.swift in Sources */ = {isa = PBXBuildFile; fileRef = BA55C28A2B2DB5EC007FDC93 /* ViewController.swift */; };
		BA55C28E2B2DB5EC007FDC93 /* Main.storyboard in Resources */ = {isa = PBXBuildFile; fileRef = BA55C28C2B2DB5EC007FDC93 /* Main.storyboard */; };
		BA55C2902B2DB5ED007FDC93 /* Assets.xcassets in Resources */ = {isa = PBXBuildFile; fileRef = BA55C28F2B2DB5ED007FDC93 /* Assets.xcassets */; };
		BA55C2932B2DB5ED007FDC93 /* LaunchScreen.storyboard in Resources */ = {isa = PBXBuildFile; fileRef = BA55C2912B2DB5ED007FDC93 /* LaunchScreen.storyboard */; };
		BA55C29E2B2DB5ED007FDC93 /* VideoPlayerTests.swift in Sources */ = {isa = PBXBuildFile; fileRef = BA55C29D2B2DB5ED007FDC93 /* VideoPlayerTests.swift */; };
		BA55C2A82B2DB5ED007FDC93 /* VideoPlayerUITests.swift in Sources */ = {isa = PBXBuildFile; fileRef = BA55C2A72B2DB5ED007FDC93 /* VideoPlayerUITests.swift */; };
		BA55C2AA2B2DB5ED007FDC93 /* VideoPlayerUITestsLaunchTests.swift in Sources */ = {isa = PBXBuildFile; fileRef = BA55C2A92B2DB5ED007FDC93 /* VideoPlayerUITestsLaunchTests.swift */; };
/* End PBXBuildFile section */

/* Begin PBXContainerItemProxy section */
		BA55C29A2B2DB5ED007FDC93 /* PBXContainerItemProxy */ = {
			isa = PBXContainerItemProxy;
			containerPortal = BA55C27B2B2DB5EC007FDC93 /* Project object */;
			proxyType = 1;
			remoteGlobalIDString = BA55C2822B2DB5EC007FDC93;
			remoteInfo = VideoPlayer;
		};
		BA55C2A42B2DB5ED007FDC93 /* PBXContainerItemProxy */ = {
			isa = PBXContainerItemProxy;
			containerPortal = BA55C27B2B2DB5EC007FDC93 /* Project object */;
			proxyType = 1;
			remoteGlobalIDString = BA55C2822B2DB5EC007FDC93;
			remoteInfo = VideoPlayer;
		};
/* End PBXContainerItemProxy section */

/* Begin PBXFileReference section */
		BA55C2832B2DB5EC007FDC93 /* VideoPlayer.app */ = {isa = PBXFileReference; explicitFileType = wrapper.application; includeInIndex = 0; path = VideoPlayer.app; sourceTree = BUILT_PRODUCTS_DIR; };
		BA55C2862B2DB5EC007FDC93 /* AppDelegate.swift */ = {isa = PBXFileReference; lastKnownFileType = sourcecode.swift; path = AppDelegate.swift; sourceTree = "<group>"; };
		BA55C2882B2DB5EC007FDC93 /* SceneDelegate.swift */ = {isa = PBXFileReference; lastKnownFileType = sourcecode.swift; path = SceneDelegate.swift; sourceTree = "<group>"; };
		BA55C28A2B2DB5EC007FDC93 /* ViewController.swift */ = {isa = PBXFileReference; lastKnownFileType = sourcecode.swift; path = ViewController.swift; sourceTree = "<group>"; };
		BA55C28D2B2DB5EC007FDC93 /* Base */ = {isa = PBXFileReference; lastKnownFileType = file.storyboard; name = Base; path = Base.lproj/Main.storyboard; sourceTree = "<group>"; };
		BA55C28F2B2DB5ED007FDC93 /* Assets.xcassets */ = {isa = PBXFileReference; lastKnownFileType = folder.assetcatalog; path = Assets.xcassets; sourceTree = "<group>"; };
		BA55C2922B2DB5ED007FDC93 /* Base */ = {isa = PBXFileReference; lastKnownFileType = file.storyboard; name = Base; path = Base.lproj/LaunchScreen.storyboard; sourceTree = "<group>"; };
		BA55C2942B2DB5ED007FDC93 /* Info.plist */ = {isa = PBXFileReference; lastKnownFileType = text.plist.xml; path = Info.plist; sourceTree = "<group>"; };
		BA55C2992B2DB5ED007FDC93 /* VideoPlayerTests.xctest */ = {isa = PBXFileReference; explicitFileType = wrapper.cfbundle; includeInIndex = 0; path = VideoPlayerTests.xctest; sourceTree = BUILT_PRODUCTS_DIR; };
		BA55C29D2B2DB5ED007FDC93 /* VideoPlayerTests.swift */ = {isa = PBXFileReference; lastKnownFileType = sourcecode.swift; path = VideoPlayerTests.swift; sourceTree = "<group>"; };
		BA55C2A32B2DB5ED007FDC93 /* VideoPlayerUITests.xctest */ = {isa = PBXFileReference; explicitFileType = wrapper.cfbundle; includeInIndex = 0; path = VideoPlayerUITests.xctest; sourceTree = BUILT_PRODUCTS_DIR; };
		BA55C2A72B2DB5ED007FDC93 /* VideoPlayerUITests.swift */ = {isa = PBXFileReference; lastKnownFileType = sourcecode.swift; path = VideoPlayerUITests.swift; sourceTree = "<group>"; };
		BA55C2A92B2DB5ED007FDC93 /* VideoPlayerUITestsLaunchTests.swift */ = {isa = PBXFileReference; lastKnownFileType = sourcecode.swift; path = VideoPlayerUITestsLaunchTests.swift; sourceTree = "<group>"; };
/* End PBXFileReference section */

/* Begin PBXFrameworksBuildPhase section */
		BA55C2802B2DB5EC007FDC93 /* Frameworks */ = {
			isa = PBXFrameworksBuildPhase;
			buildActionMask = 2147483647;
			files = (
			);
			runOnlyForDeploymentPostprocessing = 0;
		};
		BA55C2962B2DB5ED007FDC93 /* Frameworks */ = {
			isa = PBXFrameworksBuildPhase;
			buildActionMask = 2147483647;
			files = (
			);
			runOnlyForDeploymentPostprocessing = 0;
		};
		BA55C2A02B2DB5ED007FDC93 /* Frameworks */ = {
			isa = PBXFrameworksBuildPhase;
			buildActionMask = 2147483647;
			files = (
			);
			runOnlyForDeploymentPostprocessing = 0;
		};
/* End PBXFrameworksBuildPhase section */

/* Begin PBXGroup section */
		BA55C27A2B2DB5EC007FDC93 = {
			isa = PBXGroup;
			children = (
				BA55C2852B2DB5EC007FDC93 /* VideoPlayer */,
				BA55C29C2B2DB5ED007FDC93 /* VideoPlayerTests */,
				BA55C2A62B2DB5ED007FDC93 /* VideoPlayerUITests */,
				BA55C2842B2DB5EC007FDC93 /* Products */,
			);
			sourceTree = "<group>";
		};
		BA55C2842B2DB5EC007FDC93 /* Products */ = {
			isa = PBXGroup;
			children = (
				BA55C2832B2DB5EC007FDC93 /* VideoPlayer.app */,
				BA55C2992B2DB5ED007FDC93 /* VideoPlayerTests.xctest */,
				BA55C2A32B2DB5ED007FDC93 /* VideoPlayerUITests.xctest */,
			);
			name = Products;
			sourceTree = "<group>";
		};
		BA55C2852B2DB5EC007FDC93 /* VideoPlayer */ = {
			isa = PBXGroup;
			children = (
				BA55C2862B2DB5EC007FDC93 /* AppDelegate.swift */,
				BA55C2882B2DB5EC007FDC93 /* SceneDelegate.swift */,
				BA55C28A2B2DB5EC007FDC93 /* ViewController.swift */,
				BA55C28C2B2DB5EC007FDC93 /* Main.storyboard */,
				BA55C28F2B2DB5ED007FDC93 /* Assets.xcassets */,
				BA55C2912B2DB5ED007FDC93 /* LaunchScreen.storyboard */,
				BA55C2942B2DB5ED007FDC93 /* Info.plist */,
			);
			path = VideoPlayer;
			sourceTree = "<group>";
		};
		BA55C29C2B2DB5ED007FDC93 /* VideoPlayerTests */ = {
			isa = PBXGroup;
			children = (
				BA55C29D2B2DB5ED007FDC93 /* VideoPlayerTests.swift */,
			);
			path = VideoPlayerTests;
			sourceTree = "<group>";
		};
		BA55C2A62B2DB5ED007FDC93 /* VideoPlayerUITests */ = {
			isa = PBXGroup;
			children = (
				BA55C2A72B2DB5ED007FDC93 /* VideoPlayerUITests.swift */,
				BA55C2A92B2DB5ED007FDC93 /* VideoPlayerUITestsLaunchTests.swift */,
			);
			path = VideoPlayerUITests;
			sourceTree = "<group>";
		};
/* End PBXGroup section */

/* Begin PBXNativeTarget section */
		BA55C2822B2DB5EC007FDC93 /* VideoPlayer */ = {
			isa = PBXNativeTarget;
			buildConfigurationList = BA55C2AD2B2DB5ED007FDC93 /* Build configuration list for PBXNativeTarget "VideoPlayer" */;
			buildPhases = (
				BA55C27F2B2DB5EC007FDC93 /* Sources */,
				BA55C2802B2DB5EC007FDC93 /* Frameworks */,
				BA55C2812B2DB5EC007FDC93 /* Resources */,
			);
			buildRules = (
			);
			dependencies = (
			);
			name = VideoPlayer;
			productName = VideoPlayer;
			productReference = BA55C2832B2DB5EC007FDC93 /* VideoPlayer.app */;
			productType = "com.apple.product-type.application";
		};
		BA55C2982B2DB5ED007FDC93 /* VideoPlayerTests */ = {
			isa = PBXNativeTarget;
			buildConfigurationList = BA55C2B02B2DB5ED007FDC93 /* Build configuration list for PBXNativeTarget "VideoPlayerTests" */;
			buildPhases = (
				BA55C2952B2DB5ED007FDC93 /* Sources */,
				BA55C2962B2DB5ED007FDC93 /* Frameworks */,
				BA55C2972B2DB5ED007FDC93 /* Resources */,
			);
			buildRules = (
			);
			dependencies = (
				BA55C29B2B2DB5ED007FDC93 /* PBXTargetDependency */,
			);
			name = VideoPlayerTests;
			productName = VideoPlayerTests;
			productReference = BA55C2992B2DB5ED007FDC93 /* VideoPlayerTests.xctest */;
			productType = "com.apple.product-type.bundle.unit-test";
		};
		BA55C2A22B2DB5ED007FDC93 /* VideoPlayerUITests */ = {
			isa = PBXNativeTarget;
			buildConfigurationList = BA55C2B32B2DB5ED007FDC93 /* Build configuration list for PBXNativeTarget "VideoPlayerUITests" */;
			buildPhases = (
				BA55C29F2B2DB5ED007FDC93 /* Sources */,
				BA55C2A02B2DB5ED007FDC93 /* Frameworks */,
				BA55C2A12B2DB5ED007FDC93 /* Resources */,
			);
			buildRules = (
			);
			dependencies = (
				BA55C2A52B2DB5ED007FDC93 /* PBXTargetDependency */,
			);
			name = VideoPlayerUITests;
			productName = VideoPlayerUITests;
			productReference = BA55C2A32B2DB5ED007FDC93 /* VideoPlayerUITests.xctest */;
			productType = "com.apple.product-type.bundle.ui-testing";
		};
/* End PBXNativeTarget section */

/* Begin PBXProject section */
		BA55C27B2B2DB5EC007FDC93 /* Project object */ = {
			isa = PBXProject;
			attributes = {
				BuildIndependentTargetsInParallel = 1;
				LastSwiftUpdateCheck = 1510;
				LastUpgradeCheck = 1510;
				TargetAttributes = {
					BA55C2822B2DB5EC007FDC93 = {
						CreatedOnToolsVersion = 15.1;
					};
					BA55C2982B2DB5ED007FDC93 = {
						CreatedOnToolsVersion = 15.1;
						TestTargetID = BA55C2822B2DB5EC007FDC93;
					};
					BA55C2A22B2DB5ED007FDC93 = {
						CreatedOnToolsVersion = 15.1;
						TestTargetID = BA55C2822B2DB5EC007FDC93;
					};
				};
			};
			buildConfigurationList = BA55C27E2B2DB5EC007FDC93 /* Build configuration list for PBXProject "VideoPlayer" */;
			compatibilityVersion = "Xcode 14.0";
			developmentRegion = en;
			hasScannedForEncodings = 0;
			knownRegions = (
				en,
				Base,
			);
			mainGroup = BA55C27A2B2DB5EC007FDC93;
			productRefGroup = BA55C2842B2DB5EC007FDC93 /* Products */;
			projectDirPath = "";
			projectRoot = "";
			targets = (
				BA55C2822B2DB5EC007FDC93 /* VideoPlayer */,
				BA55C2982B2DB5ED007FDC93 /* VideoPlayerTests */,
				BA55C2A22B2DB5ED007FDC93 /* VideoPlayerUITests */,
			);
		};
/* End PBXProject section */

/* Begin PBXResourcesBuildPhase section */
		BA55C2812B2DB5EC007FDC93 /* Resources */ = {
			isa = PBXResourcesBuildPhase;
			buildActionMask = 2147483647;
			files = (
				BA55C2932B2DB5ED007FDC93 /* LaunchScreen.storyboard in Resources */,
				BA55C2902B2DB5ED007FDC93 /* Assets.xcassets in Resources */,
				BA55C28E2B2DB5EC007FDC93 /* Main.storyboard in Resources */,
			);
			runOnlyForDeploymentPostprocessing = 0;
		};
		BA55C2972B2DB5ED007FDC93 /* Resources */ = {
			isa = PBXResourcesBuildPhase;
			buildActionMask = 2147483647;
			files = (
			);
			runOnlyForDeploymentPostprocessing = 0;
		};
		BA55C2A12B2DB5ED007FDC93 /* Resources */ = {
			isa = PBXResourcesBuildPhase;
			buildActionMask = 2147483647;
			files = (
			);
			runOnlyForDeploymentPostprocessing = 0;
		};
/* End PBXResourcesBuildPhase section */

/* Begin PBXSourcesBuildPhase section */
		BA55C27F2B2DB5EC007FDC93 /* Sources */ = {
			isa = PBXSourcesBuildPhase;
			buildActionMask = 2147483647;
			files = (
				BA55C28B2B2DB5EC007FDC93 /* ViewController.swift in Sources */,
				BA55C2872B2DB5EC007FDC93 /* AppDelegate.swift in Sources */,
				BA55C2892B2DB5EC007FDC93 /* SceneDelegate.swift in Sources */,
			);
			runOnlyForDeploymentPostprocessing = 0;
		};
		BA55C2952B2DB5ED007FDC93 /* Sources */ = {
			isa = PBXSourcesBuildPhase;
			buildActionMask = 2147483647;
			files = (
				BA55C29E2B2DB5ED007FDC93 /* VideoPlayerTests.swift in Sources */,
			);
			runOnlyForDeploymentPostprocessing = 0;
		};
		BA55C29F2B2DB5ED007FDC93 /* Sources */ = {
			isa = PBXSourcesBuildPhase;
			buildActionMask = 2147483647;
			files = (
				BA55C2A82B2DB5ED007FDC93 /* VideoPlayerUITests.swift in Sources */,
				BA55C2AA2B2DB5ED007FDC93 /* VideoPlayerUITestsLaunchTests.swift in Sources */,
			);
			runOnlyForDeploymentPostprocessing = 0;
		};
/* End PBXSourcesBuildPhase section */

/* Begin PBXTargetDependency section */
		BA55C29B2B2DB5ED007FDC93 /* PBXTargetDependency */ = {
			isa = PBXTargetDependency;
			target = BA55C2822B2DB5EC007FDC93 /* VideoPlayer */;
			targetProxy = BA55C29A2B2DB5ED007FDC93 /* PBXContainerItemProxy */;
		};
		BA55C2A52B2DB5ED007FDC93 /* PBXTargetDependency */ = {
			isa = PBXTargetDependency;
			target = BA55C2822B2DB5EC007FDC93 /* VideoPlayer */;
			targetProxy = BA55C2A42B2DB5ED007FDC93 /* PBXContainerItemProxy */;
		};
/* End PBXTargetDependency section */

/* Begin PBXVariantGroup section */
		BA55C28C2B2DB5EC007FDC93 /* Main.storyboard */ = {
			isa = PBXVariantGroup;
			children = (
				BA55C28D2B2DB5EC007FDC93 /* Base */,
			);
			name = Main.storyboard;
			sourceTree = "<group>";
		};
		BA55C2912B2DB5ED007FDC93 /* LaunchScreen.storyboard */ = {
			isa = PBXVariantGroup;
			children = (
				BA55C2922B2DB5ED007FDC93 /* Base */,
			);
			name = LaunchScreen.storyboard;
			sourceTree = "<group>";
		};
/* End PBXVariantGroup section */

/* Begin XCBuildConfiguration section */
		BA55C2AB2B2DB5ED007FDC93 /* Debug */ = {
			isa = XCBuildConfiguration;
			buildSettings = {
				ALWAYS_SEARCH_USER_PATHS = NO;
				ASSETCATALOG_COMPILER_GENERATE_SWIFT_ASSET_SYMBOL_EXTENSIONS = YES;
				CLANG_ANALYZER_NONNULL = YES;
				CLANG_ANALYZER_NUMBER_OBJECT_CONVERSION = YES_AGGRESSIVE;
				CLANG_CXX_LANGUAGE_STANDARD = "gnu++20";
				CLANG_ENABLE_MODULES = YES;
				CLANG_ENABLE_OBJC_ARC = YES;
				CLANG_ENABLE_OBJC_WEAK = YES;
				CLANG_WARN_BLOCK_CAPTURE_AUTORELEASING = YES;
				CLANG_WARN_BOOL_CONVERSION = YES;
				CLANG_WARN_COMMA = YES;
				CLANG_WARN_CONSTANT_CONVERSION = YES;
				CLANG_WARN_DEPRECATED_OBJC_IMPLEMENTATIONS = YES;
				CLANG_WARN_DIRECT_OBJC_ISA_USAGE = YES_ERROR;
				CLANG_WARN_DOCUMENTATION_COMMENTS = YES;
				CLANG_WARN_EMPTY_BODY = YES;
				CLANG_WARN_ENUM_CONVERSION = YES;
				CLANG_WARN_INFINITE_RECURSION = YES;
				CLANG_WARN_INT_CONVERSION = YES;
				CLANG_WARN_NON_LITERAL_NULL_CONVERSION = YES;
				CLANG_WARN_OBJC_IMPLICIT_RETAIN_SELF = YES;
				CLANG_WARN_OBJC_LITERAL_CONVERSION = YES;
				CLANG_WARN_OBJC_ROOT_CLASS = YES_ERROR;
				CLANG_WARN_QUOTED_INCLUDE_IN_FRAMEWORK_HEADER = YES;
				CLANG_WARN_RANGE_LOOP_ANALYSIS = YES;
				CLANG_WARN_STRICT_PROTOTYPES = YES;
				CLANG_WARN_SUSPICIOUS_MOVE = YES;
				CLANG_WARN_UNGUARDED_AVAILABILITY = YES_AGGRESSIVE;
				CLANG_WARN_UNREACHABLE_CODE = YES;
				CLANG_WARN__DUPLICATE_METHOD_MATCH = YES;
				COPY_PHASE_STRIP = NO;
				DEBUG_INFORMATION_FORMAT = dwarf;
				ENABLE_STRICT_OBJC_MSGSEND = YES;
				ENABLE_TESTABILITY = YES;
				ENABLE_USER_SCRIPT_SANDBOXING = YES;
				GCC_C_LANGUAGE_STANDARD = gnu17;
				GCC_DYNAMIC_NO_PIC = NO;
				GCC_NO_COMMON_BLOCKS = YES;
				GCC_OPTIMIZATION_LEVEL = 0;
				GCC_PREPROCESSOR_DEFINITIONS = (
					"DEBUG=1",
					"$(inherited)",
				);
				GCC_WARN_64_TO_32_BIT_CONVERSION = YES;
				GCC_WARN_ABOUT_RETURN_TYPE = YES_ERROR;
				GCC_WARN_UNDECLARED_SELECTOR = YES;
				GCC_WARN_UNINITIALIZED_AUTOS = YES_AGGRESSIVE;
				GCC_WARN_UNUSED_FUNCTION = YES;
				GCC_WARN_UNUSED_VARIABLE = YES;
				IPHONEOS_DEPLOYMENT_TARGET = 17.2;
				LOCALIZATION_PREFERS_STRING_CATALOGS = YES;
				MTL_ENABLE_DEBUG_INFO = INCLUDE_SOURCE;
				MTL_FAST_MATH = YES;
				ONLY_ACTIVE_ARCH = YES;
				SDKROOT = iphoneos;
				SWIFT_ACTIVE_COMPILATION_CONDITIONS = "DEBUG $(inherited)";
				SWIFT_OPTIMIZATION_LEVEL = "-Onone";
			};
			name = Debug;
		};
		BA55C2AC2B2DB5ED007FDC93 /* Release */ = {
			isa = XCBuildConfiguration;
			buildSettings = {
				ALWAYS_SEARCH_USER_PATHS = NO;
				ASSETCATALOG_COMPILER_GENERATE_SWIFT_ASSET_SYMBOL_EXTENSIONS = YES;
				CLANG_ANALYZER_NONNULL = YES;
				CLANG_ANALYZER_NUMBER_OBJECT_CONVERSION = YES_AGGRESSIVE;
				CLANG_CXX_LANGUAGE_STANDARD = "gnu++20";
				CLANG_ENABLE_MODULES = YES;
				CLANG_ENABLE_OBJC_ARC = YES;
				CLANG_ENABLE_OBJC_WEAK = YES;
				CLANG_WARN_BLOCK_CAPTURE_AUTORELEASING = YES;
				CLANG_WARN_BOOL_CONVERSION = YES;
				CLANG_WARN_COMMA = YES;
				CLANG_WARN_CONSTANT_CONVERSION = YES;
				CLANG_WARN_DEPRECATED_OBJC_IMPLEMENTATIONS = YES;
				CLANG_WARN_DIRECT_OBJC_ISA_USAGE = YES_ERROR;
				CLANG_WARN_DOCUMENTATION_COMMENTS = YES;
				CLANG_WARN_EMPTY_BODY = YES;
				CLANG_WARN_ENUM_CONVERSION = YES;
				CLANG_WARN_INFINITE_RECURSION = YES;
				CLANG_WARN_INT_CONVERSION = YES;
				CLANG_WARN_NON_LITERAL_NULL_CONVERSION = YES;
				CLANG_WARN_OBJC_IMPLICIT_RETAIN_SELF = YES;
				CLANG_WARN_OBJC_LITERAL_CONVERSION = YES;
				CLANG_WARN_OBJC_ROOT_CLASS = YES_ERROR;
				CLANG_WARN_QUOTED_INCLUDE_IN_FRAMEWORK_HEADER = YES;
				CLANG_WARN_RANGE_LOOP_ANALYSIS = YES;
				CLANG_WARN_STRICT_PROTOTYPES = YES;
				CLANG_WARN_SUSPICIOUS_MOVE = YES;
				CLANG_WARN_UNGUARDED_AVAILABILITY = YES_AGGRESSIVE;
				CLANG_WARN_UNREACHABLE_CODE = YES;
				CLANG_WARN__DUPLICATE_METHOD_MATCH = YES;
				COPY_PHASE_STRIP = NO;
				DEBUG_INFORMATION_FORMAT = "dwarf-with-dsym";
				ENABLE_NS_ASSERTIONS = NO;
				ENABLE_STRICT_OBJC_MSGSEND = YES;
				ENABLE_USER_SCRIPT_SANDBOXING = YES;
				GCC_C_LANGUAGE_STANDARD = gnu17;
				GCC_NO_COMMON_BLOCKS = YES;
				GCC_WARN_64_TO_32_BIT_CONVERSION = YES;
				GCC_WARN_ABOUT_RETURN_TYPE = YES_ERROR;
				GCC_WARN_UNDECLARED_SELECTOR = YES;
				GCC_WARN_UNINITIALIZED_AUTOS = YES_AGGRESSIVE;
				GCC_WARN_UNUSED_FUNCTION = YES;
				GCC_WARN_UNUSED_VARIABLE = YES;
				IPHONEOS_DEPLOYMENT_TARGET = 17.2;
				LOCALIZATION_PREFERS_STRING_CATALOGS = YES;
				MTL_ENABLE_DEBUG_INFO = NO;
				MTL_FAST_MATH = YES;
				SDKROOT = iphoneos;
				SWIFT_COMPILATION_MODE = wholemodule;
				VALIDATE_PRODUCT = YES;
			};
			name = Release;
		};
		BA55C2AE2B2DB5ED007FDC93 /* Debug */ = {
			isa = XCBuildConfiguration;
			buildSettings = {
				ASSETCATALOG_COMPILER_APPICON_NAME = AppIcon;
				ASSETCATALOG_COMPILER_GLOBAL_ACCENT_COLOR_NAME = AccentColor;
				CODE_SIGN_STYLE = Automatic;
				CURRENT_PROJECT_VERSION = 1;
				DEVELOPMENT_TEAM = BPB6799M73;
				GENERATE_INFOPLIST_FILE = YES;
				INFOPLIST_FILE = VideoPlayer/Info.plist;
				INFOPLIST_KEY_UIApplicationSupportsIndirectInputEvents = YES;
				INFOPLIST_KEY_UILaunchStoryboardName = LaunchScreen;
				INFOPLIST_KEY_UIMainStoryboardFile = Main;
				INFOPLIST_KEY_UISupportedInterfaceOrientations_iPad = "UIInterfaceOrientationPortrait UIInterfaceOrientationPortraitUpsideDown UIInterfaceOrientationLandscapeLeft UIInterfaceOrientationLandscapeRight";
				INFOPLIST_KEY_UISupportedInterfaceOrientations_iPhone = "UIInterfaceOrientationPortrait UIInterfaceOrientationLandscapeLeft UIInterfaceOrientationLandscapeRight";
				LD_RUNPATH_SEARCH_PATHS = (
					"$(inherited)",
					"@executable_path/Frameworks",
				);
				MARKETING_VERSION = 1.0;
				PRODUCT_BUNDLE_IDENTIFIER = "space-cowboy.VideoPlayer";
				PRODUCT_NAME = "$(TARGET_NAME)";
				SWIFT_EMIT_LOC_STRINGS = YES;
				SWIFT_VERSION = 5.0;
				TARGETED_DEVICE_FAMILY = "1,2";
			};
			name = Debug;
		};
		BA55C2AF2B2DB5ED007FDC93 /* Release */ = {
			isa = XCBuildConfiguration;
			buildSettings = {
				ASSETCATALOG_COMPILER_APPICON_NAME = AppIcon;
				ASSETCATALOG_COMPILER_GLOBAL_ACCENT_COLOR_NAME = AccentColor;
				CODE_SIGN_STYLE = Automatic;
				CURRENT_PROJECT_VERSION = 1;
				DEVELOPMENT_TEAM = BPB6799M73;
				GENERATE_INFOPLIST_FILE = YES;
				INFOPLIST_FILE = VideoPlayer/Info.plist;
				INFOPLIST_KEY_UIApplicationSupportsIndirectInputEvents = YES;
				INFOPLIST_KEY_UILaunchStoryboardName = LaunchScreen;
				INFOPLIST_KEY_UIMainStoryboardFile = Main;
				INFOPLIST_KEY_UISupportedInterfaceOrientations_iPad = "UIInterfaceOrientationPortrait UIInterfaceOrientationPortraitUpsideDown UIInterfaceOrientationLandscapeLeft UIInterfaceOrientationLandscapeRight";
				INFOPLIST_KEY_UISupportedInterfaceOrientations_iPhone = "UIInterfaceOrientationPortrait UIInterfaceOrientationLandscapeLeft UIInterfaceOrientationLandscapeRight";
				LD_RUNPATH_SEARCH_PATHS = (
					"$(inherited)",
					"@executable_path/Frameworks",
				);
				MARKETING_VERSION = 1.0;
				PRODUCT_BUNDLE_IDENTIFIER = "space-cowboy.VideoPlayer";
				PRODUCT_NAME = "$(TARGET_NAME)";
				SWIFT_EMIT_LOC_STRINGS = YES;
				SWIFT_VERSION = 5.0;
				TARGETED_DEVICE_FAMILY = "1,2";
			};
			name = Release;
		};
		BA55C2B12B2DB5ED007FDC93 /* Debug */ = {
			isa = XCBuildConfiguration;
			buildSettings = {
				ALWAYS_EMBED_SWIFT_STANDARD_LIBRARIES = YES;
				BUNDLE_LOADER = "$(TEST_HOST)";
				CODE_SIGN_STYLE = Automatic;
				CURRENT_PROJECT_VERSION = 1;
				DEVELOPMENT_TEAM = BPB6799M73;
				GENERATE_INFOPLIST_FILE = YES;
				IPHONEOS_DEPLOYMENT_TARGET = 17.2;
				MARKETING_VERSION = 1.0;
				PRODUCT_BUNDLE_IDENTIFIER = "space-cowboy.VideoPlayerTests";
				PRODUCT_NAME = "$(TARGET_NAME)";
				SWIFT_EMIT_LOC_STRINGS = NO;
				SWIFT_VERSION = 5.0;
				TARGETED_DEVICE_FAMILY = "1,2";
				TEST_HOST = "$(BUILT_PRODUCTS_DIR)/VideoPlayer.app/$(BUNDLE_EXECUTABLE_FOLDER_PATH)/VideoPlayer";
			};
			name = Debug;
		};
		BA55C2B22B2DB5ED007FDC93 /* Release */ = {
			isa = XCBuildConfiguration;
			buildSettings = {
				ALWAYS_EMBED_SWIFT_STANDARD_LIBRARIES = YES;
				BUNDLE_LOADER = "$(TEST_HOST)";
				CODE_SIGN_STYLE = Automatic;
				CURRENT_PROJECT_VERSION = 1;
				DEVELOPMENT_TEAM = BPB6799M73;
				GENERATE_INFOPLIST_FILE = YES;
				IPHONEOS_DEPLOYMENT_TARGET = 17.2;
				MARKETING_VERSION = 1.0;
				PRODUCT_BUNDLE_IDENTIFIER = "space-cowboy.VideoPlayerTests";
				PRODUCT_NAME = "$(TARGET_NAME)";
				SWIFT_EMIT_LOC_STRINGS = NO;
				SWIFT_VERSION = 5.0;
				TARGETED_DEVICE_FAMILY = "1,2";
				TEST_HOST = "$(BUILT_PRODUCTS_DIR)/VideoPlayer.app/$(BUNDLE_EXECUTABLE_FOLDER_PATH)/VideoPlayer";
			};
			name = Release;
		};
		BA55C2B42B2DB5ED007FDC93 /* Debug */ = {
			isa = XCBuildConfiguration;
			buildSettings = {
				ALWAYS_EMBED_SWIFT_STANDARD_LIBRARIES = YES;
				CODE_SIGN_STYLE = Automatic;
				CURRENT_PROJECT_VERSION = 1;
				DEVELOPMENT_TEAM = BPB6799M73;
				GENERATE_INFOPLIST_FILE = YES;
				MARKETING_VERSION = 1.0;
				PRODUCT_BUNDLE_IDENTIFIER = "space-cowboy.VideoPlayerUITests";
				PRODUCT_NAME = "$(TARGET_NAME)";
				SWIFT_EMIT_LOC_STRINGS = NO;
				SWIFT_VERSION = 5.0;
				TARGETED_DEVICE_FAMILY = "1,2";
				TEST_TARGET_NAME = VideoPlayer;
			};
			name = Debug;
		};
		BA55C2B52B2DB5ED007FDC93 /* Release */ = {
			isa = XCBuildConfiguration;
			buildSettings = {
				ALWAYS_EMBED_SWIFT_STANDARD_LIBRARIES = YES;
				CODE_SIGN_STYLE = Automatic;
				CURRENT_PROJECT_VERSION = 1;
				DEVELOPMENT_TEAM = BPB6799M73;
				GENERATE_INFOPLIST_FILE = YES;
				MARKETING_VERSION = 1.0;
				PRODUCT_BUNDLE_IDENTIFIER = "space-cowboy.VideoPlayerUITests";
				PRODUCT_NAME = "$(TARGET_NAME)";
				SWIFT_EMIT_LOC_STRINGS = NO;
				SWIFT_VERSION = 5.0;
				TARGETED_DEVICE_FAMILY = "1,2";
				TEST_TARGET_NAME = VideoPlayer;
			};
			name = Release;
		};
/* End XCBuildConfiguration section */

/* Begin XCConfigurationList section */
		BA55C27E2B2DB5EC007FDC93 /* Build configuration list for PBXProject "VideoPlayer" */ = {
			isa = XCConfigurationList;
			buildConfigurations = (
				BA55C2AB2B2DB5ED007FDC93 /* Debug */,
				BA55C2AC2B2DB5ED007FDC93 /* Release */,
			);
			defaultConfigurationIsVisible = 0;
			defaultConfigurationName = Release;
		};
		BA55C2AD2B2DB5ED007FDC93 /* Build configuration list for PBXNativeTarget "VideoPlayer" */ = {
			isa = XCConfigurationList;
			buildConfigurations = (
				BA55C2AE2B2DB5ED007FDC93 /* Debug */,
				BA55C2AF2B2DB5ED007FDC93 /* Release */,
			);
			defaultConfigurationIsVisible = 0;
			defaultConfigurationName = Release;
		};
		BA55C2B02B2DB5ED007FDC93 /* Build configuration list for PBXNativeTarget "VideoPlayerTests" */ = {
			isa = XCConfigurationList;
			buildConfigurations = (
				BA55C2B12B2DB5ED007FDC93 /* Debug */,
				BA55C2B22B2DB5ED007FDC93 /* Release */,
			);
			defaultConfigurationIsVisible = 0;
			defaultConfigurationName = Release;
		};
		BA55C2B32B2DB5ED007FDC93 /* Build configuration list for PBXNativeTarget "VideoPlayerUITests" */ = {
			isa = XCConfigurationList;
			buildConfigurations = (
				BA55C2B42B2DB5ED007FDC93 /* Debug */,
				BA55C2B52B2DB5ED007FDC93 /* Release */,
			);
			defaultConfigurationIsVisible = 0;
			defaultConfigurationName = Release;
		};
/* End XCConfigurationList section */
	};
	rootObject = BA55C27B2B2DB5EC007FDC93 /* Project object */;
}
